[
  {
    "path": "api/src/application/qgrid/qgrid.frame.ts",
    "checksum": "00040c186e2bea49d76d5319e91ca71f60b760b3"
  },
  {
    "path": "api/src/application/qgrid/qgrid.types.ts",
    "checksum": "724aa7fe0b5e7f9577736ee49b0126ace6fff4b5"
  },
  {
    "path": "api/src/application/queries.generated.ts",
    "checksum": "66868cd9c08a216d1aa3b69d1de5a2d6070f0268"
  },
  {
    "path": "api/src/application/request-log/request-log.entity.json",
    "checksum": "c0eb93ec776bc4bfb494083be827ea9223f83888"
  },
  {
    "path": "api/src/application/request-log/request-log.model.ts",
    "checksum": "af9f8be8f48d2554b0745e530752652a2bfea9cc"
  },
  {
    "path": "api/src/application/request-log/request-log.types.ts",
    "checksum": "2a56b79160a425c00a7f9b04e0f59f99f0ab2d1a"
  },
  {
    "path": "api/src/application/sonamu.generated.http",
    "checksum": "6badb68633a2ee8f0abd34d903f957bb88e9a665"
  },
  {
    "path": "api/src/application/sonamu.generated.sso.ts",
    "checksum": "2148fba576ea6b0ade915592d7d08d28ea349969"
  },
  {
    "path": "api/src/application/sonamu.generated.ts",
    "checksum": "5f2677532eee5599bbf7f027a2b74009f7c4cd24"
  },
  {
    "path": "api/src/application/token/token.entity.json",
    "checksum": "6a6d5f6531ddd4bbfbe340d1c5a7a84ab8c0332d"
  },
  {
    "path": "api/src/application/token/token.model.ts",
    "checksum": "7a3af0dfe278a0741b8adc5dd623adc97b87f021"
  },
  {
    "path": "api/src/application/token/token.types.ts",
    "checksum": "9ba2dddadb79e048955364b6973dc437f334117b"
  },
  {
    "path": "api/src/i18n/en.ts",
    "checksum": "c7186e9419c6faf1f6190989d23ab2fed37cd4fd"
  },
  {
    "path": "api/src/i18n/ko.ts",
    "checksum": "7b87d1068a03b994946867f9e16b7281eaad8685"
  },
  {
    "path": "api/src/i18n/sd.generated.ts",
    "checksum": "cd2fc06dd386d11e811030fc18afa8880b858411"
  },
  {
    "path": "api/src/sonamu.config.ts",
    "checksum": "c15f61678deb3f8d6f78c1620f826f2bf6295dae"
  },
  {
    "path": "web/src/i18n/en.ts",
    "checksum": "d291375447c4cd0b65de3be38216f919effb1254"
  },
  {
    "path": "web/src/i18n/ko.ts",
    "checksum": "4b83f7579cac76325953156d405f319ece5fe7dd"
  },
  {
    "path": "web/src/i18n/sd.generated.ts",
    "checksum": "bf20d1eafeebd42b86e55a7c94de18100017a5c2"
  },
  {
    "path": "web/src/services/qgrid/qgrid.types.ts",
    "checksum": "80420a956aeddc0ff098b423d93d3a75a77fa294"
  },
  {
    "path": "web/src/services/request-log/request-log.types.ts",
    "checksum": "e009b73dd3cc3c8cdc3378b7f35fdbe02e3cd2d7"
  },
  {
    "path": "web/src/services/services.generated.ts",
    "checksum": "c9976cf44c7ffbb46d7e9a19c222d927c01a1cf2"
  },
  {
    "path": "web/src/services/sonamu.generated.ts",
    "checksum": "bc1713f0beae9926641c5ca6c253a27b233693e9"
  },
  {
    "path": "web/src/services/token/token.types.ts",
    "checksum": "0bf305bd4f57bd17674c50d45bb1d9576109dcab"
  }
]