[
  {
    "path": "src/application/bycc/bycc.frame.ts",
    "checksum": "591cdce25647d657e8fe32aafd21252588ba458c"
  },
  {
    "path": "src/application/bycc/bycc.types.ts",
    "checksum": "96ebb94b271ca28bad658eaa0bcafca7915b9e66"
  },
  {
    "path": "src/application/bycc/pool.functions.ts",
    "checksum": "5a20716dc0a739f9451b4a0f893b771975dd01a8"
  },
  {
    "path": "src/application/bycc/quota.functions.ts",
    "checksum": "dd4b315e82f4602294f05039798da14bd1e5ebc8"
  },
  {
    "path": "src/application/bycc/tokens.functions.ts",
    "checksum": "e8df9318ac36972cfc87b90de704383ac23723ea"
  },
  {
    "path": "src/application/bycc/worker.functions.ts",
    "checksum": "edb73904ef2704123592ccccb4ff1fac87b0f092"
  },
  {
    "path": "src/application/sonamu.generated.ts",
    "checksum": "11f9401411bdbed73d7d964d9a89047a7189c900"
  },
  {
    "path": "src/i18n/en.ts",
    "checksum": "c7186e9419c6faf1f6190989d23ab2fed37cd4fd"
  },
  {
    "path": "src/i18n/ko.ts",
    "checksum": "d1b6bbc13669b0b210bb4820d4b8e72fd97f30c7"
  },
  {
    "path": "src/i18n/sd.generated.ts",
    "checksum": "77795c086bf60450824933ec717044a2eb94fc78"
  },
  {
    "path": "src/sonamu.config.ts",
    "checksum": "2513a163a09a5e0e1255ff3b3b897486f52f3133"
  }
]