[
  {
    "path": "api/src/application/monit/monit.frame.ts",
    "checksum": "2a270ff1041e206736a178ce69881b8bfb30d87c"
  },
  {
    "path": "api/src/application/monit/monit.types.ts",
    "checksum": "64736dcb549222c5c65f096f577d7882e1106751"
  },
  {
    "path": "api/src/application/qgrid/qgrid.frame.ts",
    "checksum": "3c4c324131595cf790793f16b4bf5cf8ec023c7f"
  },
  {
    "path": "api/src/application/qgrid/qgrid.types.ts",
    "checksum": "5a55255644cda02dbcaa3679641f12f331bd907c"
  },
  {
    "path": "api/src/application/queries.generated.ts",
    "checksum": "54726c564c2f3909ad5784c2f2eafe6f087db4a4"
  },
  {
    "path": "api/src/application/request-log-step/request-log-step.entity.json",
    "checksum": "b8e24ebf341f6dc560a117a109b2410ca345f8d1"
  },
  {
    "path": "api/src/application/request-log-step/request-log-step.model.ts",
    "checksum": "8d567353f24aa8c3f974d9db5534d7076be97450"
  },
  {
    "path": "api/src/application/request-log-step/request-log-step.types.ts",
    "checksum": "ff2035e85535b4a2d8d425f476c072d12325b198"
  },
  {
    "path": "api/src/application/request-log/request-log.entity.json",
    "checksum": "a364326a02e15c98c880c8366c4d060ac7c6f21c"
  },
  {
    "path": "api/src/application/request-log/request-log.model.ts",
    "checksum": "07ffae1f17b83887f0819eb036ddbc4155a1bb53"
  },
  {
    "path": "api/src/application/request-log/request-log.types.ts",
    "checksum": "24335919c053d374a4f87a0bb1e9ebbce8f224db"
  },
  {
    "path": "api/src/application/setting/setting.entity.json",
    "checksum": "d7dea4137e10271f53b777676ec718ef55af5492"
  },
  {
    "path": "api/src/application/setting/setting.model.ts",
    "checksum": "63b79ad31d1d0d99e7fe72142c5067bba1f8e06b"
  },
  {
    "path": "api/src/application/setting/setting.types.ts",
    "checksum": "a923d8a82b3d3a3a5f54584e01d6d9cbcc1c20bc"
  },
  {
    "path": "api/src/application/sonamu.generated.http",
    "checksum": "5c80e9d56b972b640e49c3c3a17af1103be20eb4"
  },
  {
    "path": "api/src/application/sonamu.generated.sso.ts",
    "checksum": "cee5fcdc6ae06f2615d0d5df8fe17059fc55c333"
  },
  {
    "path": "api/src/application/sonamu.generated.ts",
    "checksum": "2ed33b25927ef0cc28628bc3594160eeb8d2aa86"
  },
  {
    "path": "api/src/application/token/token.entity.json",
    "checksum": "29430e17b4dd05e60112db00322e9b89fe646fd6"
  },
  {
    "path": "api/src/application/token/token.model.ts",
    "checksum": "a4b52e91616abd85271144391c4557148dbedb52"
  },
  {
    "path": "api/src/application/token/token.types.ts",
    "checksum": "7b6148106235518b2e5258638648437df952e4a0"
  },
  {
    "path": "api/src/i18n/en.ts",
    "checksum": "63142328c731cbc6518afd490208a1f3a61b6670"
  },
  {
    "path": "api/src/i18n/ko.ts",
    "checksum": "a498148bd97c7fa8ca6ea12e764d0f4607d35b12"
  },
  {
    "path": "api/src/i18n/sd.generated.ts",
    "checksum": "2e370d82607459da28360c8138cc5e936fc09b46"
  },
  {
    "path": "api/src/sonamu.config.ts",
    "checksum": "38a1f8bded9728b954d6ee01bbaca6141a68d728"
  },
  {
    "path": "web/src/i18n/en.ts",
    "checksum": "ca853bf4660e45b5089e40a158d845acd91c20df"
  },
  {
    "path": "web/src/i18n/ko.ts",
    "checksum": "80b0acbd1836bce071631d2a010c7fc4660ab49a"
  },
  {
    "path": "web/src/i18n/sd.generated.ts",
    "checksum": "5eab5793d0cb277e0624b5a3d052b34d969c10d1"
  },
  {
    "path": "web/src/services/monit/monit.types.ts",
    "checksum": "442e3ecd94e38cd57690523066a35704e2a6fe8b"
  },
  {
    "path": "web/src/services/qgrid/qgrid.types.ts",
    "checksum": "414ea8fe9ce61cf0e99553f14124382271baf402"
  },
  {
    "path": "web/src/services/request-log-step/request-log-step.types.ts",
    "checksum": "b909de948f64f846ef9e311b460c480d3dee4479"
  },
  {
    "path": "web/src/services/request-log/request-log.types.ts",
    "checksum": "9bc5c3d48197b50e7465ee766279e2a96bda260a"
  },
  {
    "path": "web/src/services/services.generated.ts",
    "checksum": "2f380f0d825a1738f5c951b7c7e9374da3ed7ec3"
  },
  {
    "path": "web/src/services/setting/setting.types.ts",
    "checksum": "b37f102332131d371accf98333c1b809f8c44d98"
  },
  {
    "path": "web/src/services/sonamu.generated.ts",
    "checksum": "02d56ef8a949cb507df0dd70d2c39c052a1ad016"
  },
  {
    "path": "web/src/services/token/token.types.ts",
    "checksum": "0ae73d400779e70081f8d7140ba384c921590f77"
  }
]